github.com/dogmatiq/jumble v0.1.0 h1:Cb3ExfxY+AoUP4G9/sOwoOdYX8o+kOLK8+dhXAry+QA=
github.com/dogmatiq/jumble v0.1.0/go.mod h1:FCGV2ImXu8zvThxhd4QLstiEdu74vbIVw9bFJSBcKr4=
github.com/yuin/goldmark v1.7.12 h1:YwGP/rrea2/CnCtUHgjuolG/PnMxdQtPMO5PvaE2/nY=
github.com/yuin/goldmark v1.7.12/go.mod h1:ip/1k0VRfGynBgxOz0yCqHrbZXhcjxyuS66Brc7iBKg=
golang.org/x/net v0.42.0 h1:jzkYrhi3YQWD6MLBJcsklgQsoAcw89EcZbJw8Z614hs=
golang.org/x/net v0.42.0/go.mod h1:FF1RA5d3u7nAYA4z2TkclSCKh68eSXtiFwcWQpPXdt8=
golang.org/x/tools v0.34.0 h1:qIpSLOxeCYGg9TrcJokLBG4KFA6d795g0xkBkiESGlo=
golang.org/x/tools v0.34.0/go.mod h1:pAP9OwEaY1CAW3HOmg3hLZC5Z0CCmzjAF2UQMSqNARg=
